
Microsoft Visual Studio Solution File, Format Version 11.00
# Visual Studio 2010
Project("{FAE04EC0-301F-11D3-BF4B-00C04F79EFBC}") = "aurorama", "Assembly-CSharp.csproj", "{2E273101-2E0F-7C64-7164-62C1E26E640C}"
EndProject
Project("{FAE04EC0-301F-11D3-BF4B-00C04F79EFBC}") = "aurorama", "Assembly-CSharp-firstpass.csproj", "{299CBA83-DF52-A851-9B0F-3C55BB539A4C}"
EndProject
Project("{FAE04EC0-301F-11D3-BF4B-00C04F79EFBC}") = "aurorama", "Assembly-CSharp-Editor-firstpass.csproj", "{9E071BAA-057E-20B7-A33E-EDD09447F22F}"
EndProject
Project("{FAE04EC0-301F-11D3-BF4B-00C04F79EFBC}") = "aurorama", "Assembly-CSharp-Editor.csproj", "{7B7EFEB6-7661-5F7D-3BB2-E8F3544AE4A2}"
EndProject
Global
	GlobalSection(SolutionConfigurationPlatforms) = preSolution
		Debug|Any CPU = Debug|Any CPU
		Release|Any CPU = Release|Any CPU
	EndGlobalSection
	GlobalSection(ProjectConfigurationPlatforms) = postSolution
		{2E273101-2E0F-7C64-7164-62C1E26E640C}.Debug|Any CPU.ActiveCfg = Debug|Any CPU
		{2E273101-2E0F-7C64-7164-62C1E26E640C}.Debug|Any CPU.Build.0 = Debug|Any CPU
		{2E273101-2E0F-7C64-7164-62C1E26E640C}.Release|Any CPU.ActiveCfg = Release|Any CPU
		{2E273101-2E0F-7C64-7164-62C1E26E640C}.Release|Any CPU.Build.0 = Release|Any CPU
		{299CBA83-DF52-A851-9B0F-3C55BB539A4C}.Debug|Any CPU.ActiveCfg = Debug|Any CPU
		{299CBA83-DF52-A851-9B0F-3C55BB539A4C}.Debug|Any CPU.Build.0 = Debug|Any CPU
		{299CBA83-DF52-A851-9B0F-3C55BB539A4C}.Release|Any CPU.ActiveCfg = Release|Any CPU
		{299CBA83-DF52-A851-9B0F-3C55BB539A4C}.Release|Any CPU.Build.0 = Release|Any CPU
		{9E071BAA-057E-20B7-A33E-EDD09447F22F}.Debug|Any CPU.ActiveCfg = Debug|Any CPU
		{9E071BAA-057E-20B7-A33E-EDD09447F22F}.Debug|Any CPU.Build.0 = Debug|Any CPU
		{9E071BAA-057E-20B7-A33E-EDD09447F22F}.Release|Any CPU.ActiveCfg = Release|Any CPU
		{9E071BAA-057E-20B7-A33E-EDD09447F22F}.Release|Any CPU.Build.0 = Release|Any CPU
		{7B7EFEB6-7661-5F7D-3BB2-E8F3544AE4A2}.Debug|Any CPU.ActiveCfg = Debug|Any CPU
		{7B7EFEB6-7661-5F7D-3BB2-E8F3544AE4A2}.Debug|Any CPU.Build.0 = Debug|Any CPU
		{7B7EFEB6-7661-5F7D-3BB2-E8F3544AE4A2}.Release|Any CPU.ActiveCfg = Release|Any CPU
		{7B7EFEB6-7661-5F7D-3BB2-E8F3544AE4A2}.Release|Any CPU.Build.0 = Release|Any CPU
	EndGlobalSection
	GlobalSection(SolutionProperties) = preSolution
		HideSolutionNode = FALSE
	EndGlobalSection
	GlobalSection(MonoDevelopProperties) = preSolution
		StartupItem = Assembly-CSharp.csproj
	EndGlobalSection
EndGlobal
